
Microsoft Visual Studio Solution File, Format Version 12.00
# Visual Studio Version 16
VisualStudioVersion = 16.0.31205.134
MinimumVisualStudioVersion = 10.0.40219.1
Project("{FAE04EC0-301F-11D3-BF4B-00C04F79EFBC}") = "TrackerLibrary", "TrackerLibrary\TrackerLibrary.csproj", "{56E853B8-4F74-4880-9B58-27BF8DB539F3}"
EndProject
Project("{FAE04EC0-301F-11D3-BF4B-00C04F79EFBC}") = "TrackerUI", "TrackerUI\TrackerUI.csproj", "{168E4E0D-305B-4469-9CE0-E59199B574FF}"
EndProject
Global
	GlobalSection(SolutionConfigurationPlatforms) = preSolution
		Debug|Any CPU = Debug|Any CPU
		Release|Any CPU = Release|Any CPU
	EndGlobalSection
	GlobalSection(ProjectConfigurationPlatforms) = postSolution
		{56E853B8-4F74-4880-9B58-27BF8DB539F3}.Debug|Any CPU.ActiveCfg = Debug|Any CPU
		{56E853B8-4F74-4880-9B58-27BF8DB539F3}.Debug|Any CPU.Build.0 = Debug|Any CPU
		{56E853B8-4F74-4880-9B58-27BF8DB539F3}.Release|Any CPU.ActiveCfg = Release|Any CPU
		{56E853B8-4F74-4880-9B58-27BF8DB539F3}.Release|Any CPU.Build.0 = Release|Any CPU
		{168E4E0D-305B-4469-9CE0-E59199B574FF}.Debug|Any CPU.ActiveCfg = Debug|Any CPU
		{168E4E0D-305B-4469-9CE0-E59199B574FF}.Debug|Any CPU.Build.0 = Debug|Any CPU
		{168E4E0D-305B-4469-9CE0-E59199B574FF}.Release|Any CPU.ActiveCfg = Release|Any CPU
		{168E4E0D-305B-4469-9CE0-E59199B574FF}.Release|Any CPU.Build.0 = Release|Any CPU
	EndGlobalSection
	GlobalSection(SolutionProperties) = preSolution
		HideSolutionNode = FALSE
	EndGlobalSection
	GlobalSection(ExtensibilityGlobals) = postSolution
		SolutionGuid = {AB15A994-AB84-4D2C-BB27-24EB57B6C67C}
	EndGlobalSection
EndGlobal
